Microsoft Visual Studio Solution File, Format Version 12.00
# Visual Studio Version 17
VisualStudioVersion = 17.5.2.0
MinimumVisualStudioVersion = 10.0.40219.1
Project("{FAE04EC0-301F-11D3-BF4B-00C04F79EFBC}") = "CountZeroElements", "CountZeroElements\CountZeroElements.csproj", "{484D4C57-5F25-2868-A568-32FF4E9FC435}"
EndProject
Project("{FAE04EC0-301F-11D3-BF4B-00C04F79EFBC}") = "CountZeroElementsTests", "CountZeroElementsTests\CountZeroElementsTests.csproj", "{D32B242C-20B1-4552-89BD-158D2EBD1F7C}"
EndProject
Global
	GlobalSection(SolutionConfigurationPlatforms) = preSolution
		Debug|Any CPU = Debug|Any CPU
		Release|Any CPU = Release|Any CPU
	EndGlobalSection
	GlobalSection(ProjectConfigurationPlatforms) = postSolution
		{484D4C57-5F25-2868-A568-32FF4E9FC435}.Debug|Any CPU.ActiveCfg = Debug|Any CPU
		{484D4C57-5F25-2868-A568-32FF4E9FC435}.Debug|Any CPU.Build.0 = Debug|Any CPU
		{484D4C57-5F25-2868-A568-32FF4E9FC435}.Release|Any CPU.ActiveCfg = Release|Any CPU
		{484D4C57-5F25-2868-A568-32FF4E9FC435}.Release|Any CPU.Build.0 = Release|Any CPU
		{D32B242C-20B1-4552-89BD-158D2EBD1F7C}.Debug|Any CPU.ActiveCfg = Debug|Any CPU
		{D32B242C-20B1-4552-89BD-158D2EBD1F7C}.Debug|Any CPU.Build.0 = Debug|Any CPU
		{D32B242C-20B1-4552-89BD-158D2EBD1F7C}.Release|Any CPU.ActiveCfg = Release|Any CPU
		{D32B242C-20B1-4552-89BD-158D2EBD1F7C}.Release|Any CPU.Build.0 = Release|Any CPU
	EndGlobalSection
	GlobalSection(SolutionProperties) = preSolution
		HideSolutionNode = FALSE
	EndGlobalSection
	GlobalSection(ExtensibilityGlobals) = postSolution
		SolutionGuid = {0800CE06-21DF-4F7C-BBAA-D254E6E39630}
	EndGlobalSection
EndGlobal
